
Microsoft Visual Studio Solution File, Format Version 12.00
# Visual Studio Version 16
VisualStudioVersion = 16.0.28803.352
MinimumVisualStudioVersion = 10.0.40219.1
Project("{FAE04EC0-301F-11D3-BF4B-00C04F79EFBC}") = "BankingLedgerCodeSample", "BankingLedgerCodeSample\BankingLedgerCodeSample.csproj", "{553EAE01-6ECF-4416-BE1B-A89A14508FC7}"
EndProject
Project("{FAE04EC0-301F-11D3-BF4B-00C04F79EFBC}") = "BankingLedgerCodeSample.UnitTests", "BankingLedgerCodeSample.UnitTests\BankingLedgerCodeSample.UnitTests.csproj", "{69B84D9E-F935-4FD0-9686-7DFB5E56E3CF}"
EndProject
Global
	GlobalSection(SolutionConfigurationPlatforms) = preSolution
		Debug|Any CPU = Debug|Any CPU
		Release|Any CPU = Release|Any CPU
	EndGlobalSection
	GlobalSection(ProjectConfigurationPlatforms) = postSolution
		{553EAE01-6ECF-4416-BE1B-A89A14508FC7}.Debug|Any CPU.ActiveCfg = Debug|Any CPU
		{553EAE01-6ECF-4416-BE1B-A89A14508FC7}.Debug|Any CPU.Build.0 = Debug|Any CPU
		{553EAE01-6ECF-4416-BE1B-A89A14508FC7}.Release|Any CPU.ActiveCfg = Release|Any CPU
		{553EAE01-6ECF-4416-BE1B-A89A14508FC7}.Release|Any CPU.Build.0 = Release|Any CPU
		{69B84D9E-F935-4FD0-9686-7DFB5E56E3CF}.Debug|Any CPU.ActiveCfg = Debug|Any CPU
		{69B84D9E-F935-4FD0-9686-7DFB5E56E3CF}.Debug|Any CPU.Build.0 = Debug|Any CPU
		{69B84D9E-F935-4FD0-9686-7DFB5E56E3CF}.Release|Any CPU.ActiveCfg = Release|Any CPU
		{69B84D9E-F935-4FD0-9686-7DFB5E56E3CF}.Release|Any CPU.Build.0 = Release|Any CPU
	EndGlobalSection
	GlobalSection(SolutionProperties) = preSolution
		HideSolutionNode = FALSE
	EndGlobalSection
	GlobalSection(ExtensibilityGlobals) = postSolution
		SolutionGuid = {A0D26762-EA56-405D-B35B-18EBB231DF34}
	EndGlobalSection
EndGlobal
